
Microsoft Visual Studio Solution File, Format Version 12.00
# Visual Studio Version 17
VisualStudioVersion = 17.11.35303.130
MinimumVisualStudioVersion = 10.0.40219.1
Project("{FAE04EC0-301F-11D3-BF4B-00C04F79EFBC}") = "Test HTML to PDF", "Test HTML to PDF\Test HTML to PDF.csproj", "{7D4B6CCD-CE6C-4ED0-823A-C50D8FE8876E}"
EndProject
Global
	GlobalSection(SolutionConfigurationPlatforms) = preSolution
		Debug|Any CPU = Debug|Any CPU
		Release|Any CPU = Release|Any CPU
	EndGlobalSection
	GlobalSection(ProjectConfigurationPlatforms) = postSolution
		{7D4B6CCD-CE6C-4ED0-823A-C50D8FE8876E}.Debug|Any CPU.ActiveCfg = Debug|Any CPU
		{7D4B6CCD-CE6C-4ED0-823A-C50D8FE8876E}.Debug|Any CPU.Build.0 = Debug|Any CPU
		{7D4B6CCD-CE6C-4ED0-823A-C50D8FE8876E}.Release|Any CPU.ActiveCfg = Release|Any CPU
		{7D4B6CCD-CE6C-4ED0-823A-C50D8FE8876E}.Release|Any CPU.Build.0 = Release|Any CPU
	EndGlobalSection
	GlobalSection(SolutionProperties) = preSolution
		HideSolutionNode = FALSE
	EndGlobalSection
	GlobalSection(ExtensibilityGlobals) = postSolution
		SolutionGuid = {A299DCE3-DD7E-46C0-8D43-0B11C6375061}
	EndGlobalSection
EndGlobal
